<?xml version="1.0" encoding="utf-8"?>
<Project ToolsVersion="4.0" xmlns="http://schemas.microsoft.com/developer/msbuild/2003">
  <ItemGroup>
    <Filter Include="Platform">
      <UniqueIdentifier>{2AC788B4-1694-E3BF-3FAD-D1672BD9184E}</UniqueIdentifier>
    </Filter>
    <Filter Include="Platform\OpenGL">
      <UniqueIdentifier>{1E7D2C1D-8A08-9AE1-9319-1DD6FF23F6E1}</UniqueIdentifier>
    </Filter>
    <Filter Include="Platform\Windows">
      <UniqueIdentifier>{64FBD71A-50F4-F66C-7926-DCF1657ED678}</UniqueIdentifier>
    </Filter>
    <Filter Include="Tasaly">
      <UniqueIdentifier>{135DECD2-FFFE-16A9-E8B9-2AFDD4FA9DF9}</UniqueIdentifier>
    </Filter>
    <Filter Include="Tasaly\Events">
      <UniqueIdentifier>{97351A10-03F6-9546-CC30-DFC338B0DA22}</UniqueIdentifier>
    </Filter>
    <Filter Include="Tasaly\ImGui">
      <UniqueIdentifier>{7D149965-6977-280A-12FD-60C0FE3EF48C}</UniqueIdentifier>
    </Filter>
  </ItemGroup>
  <ItemGroup>
    <ClInclude Include="src\Platform\OpenGL\ImGuiOpenGLRenderer.h">
      <Filter>Platform\OpenGL</Filter>
    </ClInclude>
    <ClInclude Include="src\Platform\OpenGL\ImGuiOpenGLRendererLoader.h">
      <Filter>Platform\OpenGL</Filter>
    </ClInclude>
    <ClInclude Include="src\Platform\Windows\WindowsWindow.h">
      <Filter>Platform\Windows</Filter>
    </ClInclude>
    <ClInclude Include="src\Tasaly.h" />
    <ClInclude Include="src\Tasaly\Application.h">
      <Filter>Tasaly</Filter>
    </ClInclude>
    <ClInclude Include="src\Tasaly\Core.h">
      <Filter>Tasaly</Filter>
    </ClInclude>
    <ClInclude Include="src\Tasaly\EntryPoint.h">
      <Filter>Tasaly</Filter>
    </ClInclude>
    <ClInclude Include="src\Tasaly\Events\ApplicationEvent.h">
      <Filter>Tasaly\Events</Filter>
    </ClInclude>
    <ClInclude Include="src\Tasaly\Events\Event.h">
      <Filter>Tasaly\Events</Filter>
    </ClInclude>
    <ClInclude Include="src\Tasaly\Events\KeyEvent.h">
      <Filter>Tasaly\Events</Filter>
    </ClInclude>
    <ClInclude Include="src\Tasaly\Events\MouseEvent.h">
      <Filter>Tasaly\Events</Filter>
    </ClInclude>
    <ClInclude Include="src\Tasaly\ImGui\ImGuiLayer.h">
      <Filter>Tasaly\ImGui</Filter>
    </ClInclude>
    <ClInclude Include="src\Tasaly\Layer.h">
      <Filter>Tasaly</Filter>
    </ClInclude>
    <ClInclude Include="src\Tasaly\LayerStack.h">
      <Filter>Tasaly</Filter>
    </ClInclude>
    <ClInclude Include="src\Tasaly\Log.h">
      <Filter>Tasaly</Filter>
    </ClInclude>
    <ClInclude Include="src\Tasaly\Window.h">
      <Filter>Tasaly</Filter>
    </ClInclude>
    <ClInclude Include="src\tspch.h" />
    <ClInclude Include="src\Tasaly\Input.h" />
    <ClInclude Include="src\Platform\Windows\WindowsInput.h" />
    <ClInclude Include="src\Tasaly\KeyCodes.h" />
    <ClInclude Include="src\Tasaly\MouseButtonCodes.h" />
  </ItemGroup>
  <ItemGroup>
    <ClCompile Include="src\Platform\OpenGL\ImGuiOpenGLRenderer.cpp">
      <Filter>Platform\OpenGL</Filter>
    </ClCompile>
    <ClCompile Include="src\Platform\Windows\WindowsWindow.cpp">
      <Filter>Platform\Windows</Filter>
    </ClCompile>
    <ClCompile Include="src\Tasaly\Application.cpp">
      <Filter>Tasaly</Filter>
    </ClCompile>
    <ClCompile Include="src\Tasaly\ImGui\ImGuiLayer.cpp">
      <Filter>Tasaly\ImGui</Filter>
    </ClCompile>
    <ClCompile Include="src\Tasaly\Layer.cpp">
      <Filter>Tasaly</Filter>
    </ClCompile>
    <ClCompile Include="src\Tasaly\LayerStack.cpp">
      <Filter>Tasaly</Filter>
    </ClCompile>
    <ClCompile Include="src\Tasaly\Log.cpp">
      <Filter>Tasaly</Filter>
    </ClCompile>
    <ClCompile Include="src\tspch.cpp" />
    <ClCompile Include="src\Platform\Windows\WindowsInput.cpp" />
  </ItemGroup>
</Project>