
Microsoft Visual Studio Solution File, Format Version 12.00
# Visual Studio Version 17
VisualStudioVersion = 17.13.35919.96 d17.13
MinimumVisualStudioVersion = 10.0.40219.1
Project("{8BC9CEB8-8B4A-11D0-8D11-00A0C91BC942}") = "Sandbox", "Sandbox\Sandbox.vcxproj", "{CDC4284B-6B56-4AAA-8DB7-F2E3BFF4A51A}"
EndProject
Project("{8BC9CEB8-8B4A-11D0-8D11-00A0C91BC942}") = "Tasaly", "Tasaly\Tasaly.vcxproj", "{85537737-1CBE-4127-939F-020B57EB5D31}"
EndProject
Global
	GlobalSection(SolutionConfigurationPlatforms) = preSolution
		Debug|x64 = Debug|x64
		Release|x64 = Release|x64
	EndGlobalSection
	GlobalSection(ProjectConfigurationPlatforms) = postSolution
		{85537737-1CBE-4127-939F-020B57EB5D31}.Debug|x64.ActiveCfg = Debug|x64
		{85537737-1CBE-4127-939F-020B57EB5D31}.Debug|x64.Build.0 = Debug|x64
		{85537737-1CBE-4127-939F-020B57EB5D31}.Release|x64.ActiveCfg = Release|x64
		{85537737-1CBE-4127-939F-020B57EB5D31}.Release|x64.Build.0 = Release|x64
		{CDC4284B-6B56-4AAA-8DB7-F2E3BFF4A51A}.Debug|x64.ActiveCfg = Debug|x64
		{CDC4284B-6B56-4AAA-8DB7-F2E3BFF4A51A}.Debug|x64.Build.0 = Debug|x64
		{CDC4284B-6B56-4AAA-8DB7-F2E3BFF4A51A}.Release|x64.ActiveCfg = Release|x64
		{CDC4284B-6B56-4AAA-8DB7-F2E3BFF4A51A}.Release|x64.Build.0 = Release|x64
	EndGlobalSection
	GlobalSection(SolutionProperties) = preSolution
		HideSolutionNode = FALSE
	EndGlobalSection
	GlobalSection(ExtensibilityGlobals) = postSolution
		SolutionGuid = {D8ED0842-54AE-4CDE-BB86-4305655EB409}
	EndGlobalSection
EndGlobal
